
Microsoft Visual Studio Solution File, Format Version 12.00
# Visual Studio Version 17
VisualStudioVersion = 17.10.34814.14
MinimumVisualStudioVersion = 10.0.40219.1
Project("{FAE04EC0-301F-11D3-BF4B-00C04F79EFBC}") = "Packages.FluentEmailExample", "Packages.FluentEmailExample\Packages.FluentEmailExample.csproj", "{EA1E5F8A-FE19-400C-8582-4782FC83F630}"
EndProject
Global
	GlobalSection(SolutionConfigurationPlatforms) = preSolution
		Debug|Any CPU = Debug|Any CPU
		Release|Any CPU = Release|Any CPU
	EndGlobalSection
	GlobalSection(ProjectConfigurationPlatforms) = postSolution
		{EA1E5F8A-FE19-400C-8582-4782FC83F630}.Debug|Any CPU.ActiveCfg = Debug|Any CPU
		{EA1E5F8A-FE19-400C-8582-4782FC83F630}.Debug|Any CPU.Build.0 = Debug|Any CPU
		{EA1E5F8A-FE19-400C-8582-4782FC83F630}.Release|Any CPU.ActiveCfg = Release|Any CPU
		{EA1E5F8A-FE19-400C-8582-4782FC83F630}.Release|Any CPU.Build.0 = Release|Any CPU
	EndGlobalSection
	GlobalSection(SolutionProperties) = preSolution
		HideSolutionNode = FALSE
	EndGlobalSection
	GlobalSection(ExtensibilityGlobals) = postSolution
		SolutionGuid = {959877AB-4828-4A68-B941-AA300036CD6F}
	EndGlobalSection
EndGlobal
